
Microsoft Visual Studio Solution File, Format Version 12.00
# Visual Studio Version 17
VisualStudioVersion = 17.0.31903.59
MinimumVisualStudioVersion = 10.0.40219.1
Project("{FAE04EC0-301F-11D3-BF4B-00C04F79EFBC}") = "gk-lab-final", "gk-lab-final.csproj", "{260DEC5C-F841-4A29-9755-A439726A045A}"
EndProject
Global
	GlobalSection(SolutionConfigurationPlatforms) = preSolution
		Debug|Any CPU = Debug|Any CPU
		Release|Any CPU = Release|Any CPU
	EndGlobalSection
	GlobalSection(ProjectConfigurationPlatforms) = postSolution
		{260DEC5C-F841-4A29-9755-A439726A045A}.Debug|Any CPU.ActiveCfg = Debug|Any CPU
		{260DEC5C-F841-4A29-9755-A439726A045A}.Debug|Any CPU.Build.0 = Debug|Any CPU
		{260DEC5C-F841-4A29-9755-A439726A045A}.Release|Any CPU.ActiveCfg = Release|Any CPU
		{260DEC5C-F841-4A29-9755-A439726A045A}.Release|Any CPU.Build.0 = Release|Any CPU
	EndGlobalSection
	GlobalSection(SolutionProperties) = preSolution
		HideSolutionNode = FALSE
	EndGlobalSection
	GlobalSection(ExtensibilityGlobals) = postSolution
		SolutionGuid = {AAB87F67-135B-4786-B2F9-0AFD17B642F8}
	EndGlobalSection
EndGlobal
